
Microsoft Visual Studio Solution File, Format Version 12.00
# Visual Studio 14
VisualStudioVersion = 14.0.23107.0
MinimumVisualStudioVersion = 10.0.40219.1
Project("{FAE04EC0-301F-11D3-BF4B-00C04F79EFBC}") = "Tri a buble", "Majorité\Tri a buble.csproj", "{006166BE-901D-4239-91C1-482DE18E6327}"
EndProject
Project("{FAE04EC0-301F-11D3-BF4B-00C04F79EFBC}") = "Majorité", "Majorrité\Majorité.csproj", "{E9305869-488F-4B0A-B9A7-A8D3B5149F4D}"
EndProject
Project("{FAE04EC0-301F-11D3-BF4B-00C04F79EFBC}") = "Statistiques", "Statistiques\Statistiques.csproj", "{2CA67ACF-7A35-466E-A40E-082126C4334C}"
EndProject
Project("{FAE04EC0-301F-11D3-BF4B-00C04F79EFBC}") = "Conversion de bases", "Conversion de bases\Conversion de bases.csproj", "{8E64889C-8F1B-4C0C-8B48-C876620D1331}"
EndProject
Project("{FAE04EC0-301F-11D3-BF4B-00C04F79EFBC}") = "Base 10", "Base 10\Base 10.csproj", "{1F08871B-88B5-401F-9E84-89B614A25ECA}"
EndProject
Project("{FAE04EC0-301F-11D3-BF4B-00C04F79EFBC}") = "ConsoleApplication1", "ConsoleApplication1\ConsoleApplication1.csproj", "{F741F681-608D-496A-9334-60EA6562A866}"
EndProject
Project("{FAE04EC0-301F-11D3-BF4B-00C04F79EFBC}") = "ConsoleApplication2", "ConsoleApplication2\ConsoleApplication2.csproj", "{B1E96836-B04A-444C-B9EB-69F9729F3D75}"
EndProject
Global
	GlobalSection(SolutionConfigurationPlatforms) = preSolution
		Debug|Any CPU = Debug|Any CPU
		Release|Any CPU = Release|Any CPU
	EndGlobalSection
	GlobalSection(ProjectConfigurationPlatforms) = postSolution
		{006166BE-901D-4239-91C1-482DE18E6327}.Debug|Any CPU.ActiveCfg = Debug|Any CPU
		{006166BE-901D-4239-91C1-482DE18E6327}.Debug|Any CPU.Build.0 = Debug|Any CPU
		{006166BE-901D-4239-91C1-482DE18E6327}.Release|Any CPU.ActiveCfg = Release|Any CPU
		{006166BE-901D-4239-91C1-482DE18E6327}.Release|Any CPU.Build.0 = Release|Any CPU
		{E9305869-488F-4B0A-B9A7-A8D3B5149F4D}.Debug|Any CPU.ActiveCfg = Debug|Any CPU
		{E9305869-488F-4B0A-B9A7-A8D3B5149F4D}.Debug|Any CPU.Build.0 = Debug|Any CPU
		{E9305869-488F-4B0A-B9A7-A8D3B5149F4D}.Release|Any CPU.ActiveCfg = Release|Any CPU
		{E9305869-488F-4B0A-B9A7-A8D3B5149F4D}.Release|Any CPU.Build.0 = Release|Any CPU
		{2CA67ACF-7A35-466E-A40E-082126C4334C}.Debug|Any CPU.ActiveCfg = Debug|Any CPU
		{2CA67ACF-7A35-466E-A40E-082126C4334C}.Debug|Any CPU.Build.0 = Debug|Any CPU
		{2CA67ACF-7A35-466E-A40E-082126C4334C}.Release|Any CPU.ActiveCfg = Release|Any CPU
		{2CA67ACF-7A35-466E-A40E-082126C4334C}.Release|Any CPU.Build.0 = Release|Any CPU
		{8E64889C-8F1B-4C0C-8B48-C876620D1331}.Debug|Any CPU.ActiveCfg = Debug|Any CPU
		{8E64889C-8F1B-4C0C-8B48-C876620D1331}.Debug|Any CPU.Build.0 = Debug|Any CPU
		{8E64889C-8F1B-4C0C-8B48-C876620D1331}.Release|Any CPU.ActiveCfg = Release|Any CPU
		{8E64889C-8F1B-4C0C-8B48-C876620D1331}.Release|Any CPU.Build.0 = Release|Any CPU
		{1F08871B-88B5-401F-9E84-89B614A25ECA}.Debug|Any CPU.ActiveCfg = Debug|Any CPU
		{1F08871B-88B5-401F-9E84-89B614A25ECA}.Debug|Any CPU.Build.0 = Debug|Any CPU
		{1F08871B-88B5-401F-9E84-89B614A25ECA}.Release|Any CPU.ActiveCfg = Release|Any CPU
		{1F08871B-88B5-401F-9E84-89B614A25ECA}.Release|Any CPU.Build.0 = Release|Any CPU
		{F741F681-608D-496A-9334-60EA6562A866}.Debug|Any CPU.ActiveCfg = Debug|Any CPU
		{F741F681-608D-496A-9334-60EA6562A866}.Debug|Any CPU.Build.0 = Debug|Any CPU
		{F741F681-608D-496A-9334-60EA6562A866}.Release|Any CPU.ActiveCfg = Release|Any CPU
		{F741F681-608D-496A-9334-60EA6562A866}.Release|Any CPU.Build.0 = Release|Any CPU
		{B1E96836-B04A-444C-B9EB-69F9729F3D75}.Debug|Any CPU.ActiveCfg = Debug|Any CPU
		{B1E96836-B04A-444C-B9EB-69F9729F3D75}.Debug|Any CPU.Build.0 = Debug|Any CPU
		{B1E96836-B04A-444C-B9EB-69F9729F3D75}.Release|Any CPU.ActiveCfg = Release|Any CPU
		{B1E96836-B04A-444C-B9EB-69F9729F3D75}.Release|Any CPU.Build.0 = Release|Any CPU
	EndGlobalSection
	GlobalSection(SolutionProperties) = preSolution
		HideSolutionNode = FALSE
	EndGlobalSection
EndGlobal
